
Microsoft Visual Studio Solution File, Format Version 12.00
# Visual Studio Version 17
VisualStudioVersion = 17.4.33103.184
MinimumVisualStudioVersion = 10.0.40219.1
Project("{FAE04EC0-301F-11D3-BF4B-00C04F79EFBC}") = "deneme2", "deneme2.csproj", "{8794E076-3D79-4F88-8186-AE000CBA10AD}"
EndProject
Global
	GlobalSection(SolutionConfigurationPlatforms) = preSolution
		Debug|Any CPU = Debug|Any CPU
		Release|Any CPU = Release|Any CPU
	EndGlobalSection
	GlobalSection(ProjectConfigurationPlatforms) = postSolution
		{8794E076-3D79-4F88-8186-AE000CBA10AD}.Debug|Any CPU.ActiveCfg = Debug|Any CPU
		{8794E076-3D79-4F88-8186-AE000CBA10AD}.Debug|Any CPU.Build.0 = Debug|Any CPU
		{8794E076-3D79-4F88-8186-AE000CBA10AD}.Release|Any CPU.ActiveCfg = Release|Any CPU
		{8794E076-3D79-4F88-8186-AE000CBA10AD}.Release|Any CPU.Build.0 = Release|Any CPU
	EndGlobalSection
	GlobalSection(SolutionProperties) = preSolution
		HideSolutionNode = FALSE
	EndGlobalSection
	GlobalSection(ExtensibilityGlobals) = postSolution
		SolutionGuid = {ADE3EE6E-613F-4B0B-96A1-93E669835857}
	EndGlobalSection
EndGlobal
